
Microsoft Visual Studio Solution File, Format Version 12.00
# Visual Studio 15
Project("{FAE04EC0-301F-11D3-BF4B-00C04F79EFBC}") = "Lab4Tests", "Lab4Tests\Lab4Tests.csproj", "{C21517A5-0EE4-4031-BD62-7E00EFB1F918}"
EndProject
Project("{FAE04EC0-301F-11D3-BF4B-00C04F79EFBC}") = "Lab4", "Lab4\Lab4.csproj", "{9217DD9B-C986-4E26-8AA3-53BD3A3F6DC1}"
EndProject
Global
	GlobalSection(SolutionConfigurationPlatforms) = preSolution
		Debug|Any CPU = Debug|Any CPU
		Release|Any CPU = Release|Any CPU
	EndGlobalSection
	GlobalSection(ProjectConfigurationPlatforms) = postSolution
		{C21517A5-0EE4-4031-BD62-7E00EFB1F918}.Debug|Any CPU.ActiveCfg = Debug|Any CPU
		{C21517A5-0EE4-4031-BD62-7E00EFB1F918}.Debug|Any CPU.Build.0 = Debug|Any CPU
		{C21517A5-0EE4-4031-BD62-7E00EFB1F918}.Release|Any CPU.ActiveCfg = Release|Any CPU
		{C21517A5-0EE4-4031-BD62-7E00EFB1F918}.Release|Any CPU.Build.0 = Release|Any CPU
		{9217DD9B-C986-4E26-8AA3-53BD3A3F6DC1}.Debug|Any CPU.ActiveCfg = Debug|Any CPU
		{9217DD9B-C986-4E26-8AA3-53BD3A3F6DC1}.Debug|Any CPU.Build.0 = Debug|Any CPU
		{9217DD9B-C986-4E26-8AA3-53BD3A3F6DC1}.Release|Any CPU.ActiveCfg = Release|Any CPU
		{9217DD9B-C986-4E26-8AA3-53BD3A3F6DC1}.Release|Any CPU.Build.0 = Release|Any CPU
	EndGlobalSection
EndGlobal
